
Microsoft Visual Studio Solution File, Format Version 12.00
# Visual Studio Version 17
VisualStudioVersion = 17.14.36616.10
MinimumVisualStudioVersion = 10.0.40219.1
Project("{FAE04EC0-301F-11D3-BF4B-00C04F79EFBC}") = "Practice1-1", "Practice1-1\Practice1-1.csproj", "{204FDED2-7D0A-47D9-8724-6A83775B6779}"
EndProject
Project("{FAE04EC0-301F-11D3-BF4B-00C04F79EFBC}") = "Practice1-2", "Practice1-2\Practice1-2.csproj", "{A2C1359C-B91C-4314-AF1B-C1A2980EC5D9}"
EndProject
Project("{FAE04EC0-301F-11D3-BF4B-00C04F79EFBC}") = "Practice1-3", "Practice1-3\Practice1-3.csproj", "{E1FC5BCF-B81E-4A9E-B4B6-8DF972654E25}"
EndProject
Global
	GlobalSection(SolutionConfigurationPlatforms) = preSolution
		Debug|Any CPU = Debug|Any CPU
		Release|Any CPU = Release|Any CPU
	EndGlobalSection
	GlobalSection(ProjectConfigurationPlatforms) = postSolution
		{204FDED2-7D0A-47D9-8724-6A83775B6779}.Debug|Any CPU.ActiveCfg = Debug|Any CPU
		{204FDED2-7D0A-47D9-8724-6A83775B6779}.Debug|Any CPU.Build.0 = Debug|Any CPU
		{204FDED2-7D0A-47D9-8724-6A83775B6779}.Release|Any CPU.ActiveCfg = Release|Any CPU
		{204FDED2-7D0A-47D9-8724-6A83775B6779}.Release|Any CPU.Build.0 = Release|Any CPU
		{A2C1359C-B91C-4314-AF1B-C1A2980EC5D9}.Debug|Any CPU.ActiveCfg = Debug|Any CPU
		{A2C1359C-B91C-4314-AF1B-C1A2980EC5D9}.Debug|Any CPU.Build.0 = Debug|Any CPU
		{A2C1359C-B91C-4314-AF1B-C1A2980EC5D9}.Release|Any CPU.ActiveCfg = Release|Any CPU
		{A2C1359C-B91C-4314-AF1B-C1A2980EC5D9}.Release|Any CPU.Build.0 = Release|Any CPU
		{E1FC5BCF-B81E-4A9E-B4B6-8DF972654E25}.Debug|Any CPU.ActiveCfg = Debug|Any CPU
		{E1FC5BCF-B81E-4A9E-B4B6-8DF972654E25}.Debug|Any CPU.Build.0 = Debug|Any CPU
		{E1FC5BCF-B81E-4A9E-B4B6-8DF972654E25}.Release|Any CPU.ActiveCfg = Release|Any CPU
		{E1FC5BCF-B81E-4A9E-B4B6-8DF972654E25}.Release|Any CPU.Build.0 = Release|Any CPU
	EndGlobalSection
	GlobalSection(SolutionProperties) = preSolution
		HideSolutionNode = FALSE
	EndGlobalSection
	GlobalSection(ExtensibilityGlobals) = postSolution
		SolutionGuid = {95319E1B-1482-4D78-8B4B-E5A75B8288C4}
	EndGlobalSection
EndGlobal
